
Microsoft Visual Studio Solution File, Format Version 12.00
# Visual Studio Version 17
VisualStudioVersion = 17.9.34607.119
MinimumVisualStudioVersion = 10.0.40219.1
Project("{8BC9CEB8-8B4A-11D0-8D11-00A0C91BC942}") = "PrinterPrintQueueSDA", "PrinterPrintQueueSDA\PrinterPrintQueueSDA.vcxproj", "{9A528A69-CD9B-4065-82A6-68654F22792B}"
EndProject
Global
	GlobalSection(SolutionConfigurationPlatforms) = preSolution
		Debug|x64 = Debug|x64
		Debug|x86 = Debug|x86
		Release|x64 = Release|x64
		Release|x86 = Release|x86
	EndGlobalSection
	GlobalSection(ProjectConfigurationPlatforms) = postSolution
		{9A528A69-CD9B-4065-82A6-68654F22792B}.Debug|x64.ActiveCfg = Debug|x64
		{9A528A69-CD9B-4065-82A6-68654F22792B}.Debug|x64.Build.0 = Debug|x64
		{9A528A69-CD9B-4065-82A6-68654F22792B}.Debug|x86.ActiveCfg = Debug|Win32
		{9A528A69-CD9B-4065-82A6-68654F22792B}.Debug|x86.Build.0 = Debug|Win32
		{9A528A69-CD9B-4065-82A6-68654F22792B}.Release|x64.ActiveCfg = Release|x64
		{9A528A69-CD9B-4065-82A6-68654F22792B}.Release|x64.Build.0 = Release|x64
		{9A528A69-CD9B-4065-82A6-68654F22792B}.Release|x86.ActiveCfg = Release|Win32
		{9A528A69-CD9B-4065-82A6-68654F22792B}.Release|x86.Build.0 = Release|Win32
	EndGlobalSection
	GlobalSection(SolutionProperties) = preSolution
		HideSolutionNode = FALSE
	EndGlobalSection
	GlobalSection(ExtensibilityGlobals) = postSolution
		SolutionGuid = {4B9B1F90-A1DA-482E-8D75-AABA3FCC0F73}
	EndGlobalSection
EndGlobal
